{
  "name": "lp",
  "version": "1.0.0",
  "lockfileVersion": 1,
  "requires": true,
  "dependencies": {
    "bootstrap": {
      "version": "file:bootstrap"
    },
    "jquery": {
      "version": "3.5.0",
      "resolved": "https://registry.npmjs.org/jquery/-/jquery-3.5.0.tgz",
      "integrity": "sha512-Xb7SVYMvygPxbFMpTFQiHh1J7HClEaThguL15N/Gg37Lri/qKyhRGZYzHRyLH8Stq3Aow0LsHO2O2ci86fCrNQ=="
    },
    "popper.js": {
      "version": "1.15.0",
      "resolved": "https://registry.npmjs.org/popper.js/-/popper.js-1.15.0.tgz",
      "integrity": "sha512-w010cY1oCUmI+9KwwlWki+r5jxKfTFDVoadl7MSrIujHU5MJ5OR6HTDj6Xo8aoR/QsA56x8jKjA59qGH4ELtrA=="
    },
    "typer-js": {
      "version": "5.0.1",
      "resolved": "https://registry.npmjs.org/typer-js/-/typer-js-5.0.1.tgz",
      "integrity": "sha512-1NHEfEJOY7t6F7q6ZtPwPn6ViirTJjhv8h7IUFQxF5SqLAFFiSVmQi+Bv2vaT4dwj9sOR6WtkOTZOFNBXSfkaQ=="
    }
  }
}
